// !$*UTF8*$!
{
	archiveVersion = 1;
	classes = {
	};
	objectVersion = 56;
	objects = {

/* Begin PBXBuildFile section */
		52A5DFAC2BA8A1F500115148 /* APICallTutorialApp.swift in Sources */ = {isa = PBXBuildFile; fileRef = 52A5DFAB2BA8A1F500115148 /* APICallTutorialApp.swift */; };
		52A5DFAE2BA8A1F500115148 /* MainView.swift in Sources */ = {isa = PBXBuildFile; fileRef = 52A5DFAD2BA8A1F500115148 /* MainView.swift */; };
		52A5DFB02BA8A1F600115148 /* Assets.xcassets in Resources */ = {isa = PBXBuildFile; fileRef = 52A5DFAF2BA8A1F600115148 /* Assets.xcassets */; };
		52A5DFB32BA8A1F600115148 /* Preview Assets.xcassets in Resources */ = {isa = PBXBuildFile; fileRef = 52A5DFB22BA8A1F600115148 /* Preview Assets.xcassets */; };
		52A5DFBA2BA8A23B00115148 /* Launch Screen.storyboard in Resources */ = {isa = PBXBuildFile; fileRef = 52A5DFB92BA8A23B00115148 /* Launch Screen.storyboard */; };
		52A5DFBC2BA8A2EA00115148 /* NetworkErrorEnum.swift in Sources */ = {isa = PBXBuildFile; fileRef = 52A5DFBB2BA8A2EA00115148 /* NetworkErrorEnum.swift */; };
		52A5DFC02BA8A38B00115148 /* WebServiceClass.swift in Sources */ = {isa = PBXBuildFile; fileRef = 52A5DFBF2BA8A38B00115148 /* WebServiceClass.swift */; };
		52A5DFC32BA8C4FF00115148 /* PostStruct.swift in Sources */ = {isa = PBXBuildFile; fileRef = 52A5DFC22BA8C4FF00115148 /* PostStruct.swift */; };
		52A5DFC52BA8C57F00115148 /* PostViewModel.swift in Sources */ = {isa = PBXBuildFile; fileRef = 52A5DFC42BA8C57F00115148 /* PostViewModel.swift */; };
		52A5DFC72BA8C65700115148 /* PostListView.swift in Sources */ = {isa = PBXBuildFile; fileRef = 52A5DFC62BA8C65700115148 /* PostListView.swift */; };
		52A5DFCA2BA8C8A200115148 /* NavLinkPostHStackView.swift in Sources */ = {isa = PBXBuildFile; fileRef = 52A5DFC92BA8C8A200115148 /* NavLinkPostHStackView.swift */; };
		52A5DFCC2BA8C8C500115148 /* NavLinkDestintionHStackView.swift in Sources */ = {isa = PBXBuildFile; fileRef = 52A5DFCB2BA8C8C500115148 /* NavLinkDestintionHStackView.swift */; };
		52A5DFCE2BA8CD8800115148 /* User.swift in Sources */ = {isa = PBXBuildFile; fileRef = 52A5DFCD2BA8CD8800115148 /* User.swift */; };
		52A5DFD02BA8D01800115148 /* UserViewModel.swift in Sources */ = {isa = PBXBuildFile; fileRef = 52A5DFCF2BA8D01800115148 /* UserViewModel.swift */; };
		52A5DFD22BA8D05300115148 /* UserListView.swift in Sources */ = {isa = PBXBuildFile; fileRef = 52A5DFD12BA8D05300115148 /* UserListView.swift */; };
		52A5DFD42BA8D62600115148 /* UserListNavLinkHStackView.swift in Sources */ = {isa = PBXBuildFile; fileRef = 52A5DFD32BA8D62600115148 /* UserListNavLinkHStackView.swift */; };
		52A5DFD62BA8D70B00115148 /* UserListNavDestinationView.swift in Sources */ = {isa = PBXBuildFile; fileRef = 52A5DFD52BA8D70B00115148 /* UserListNavDestinationView.swift */; };
		52A5DFD82BA8D72800115148 /* UserDetailsView.swift in Sources */ = {isa = PBXBuildFile; fileRef = 52A5DFD72BA8D72800115148 /* UserDetailsView.swift */; };
/* End PBXBuildFile section */

/* Begin PBXFileReference section */
		52A5DFA82BA8A1F500115148 /* APICallTutorial.app */ = {isa = PBXFileReference; explicitFileType = wrapper.application; includeInIndex = 0; path = APICallTutorial.app; sourceTree = BUILT_PRODUCTS_DIR; };
		52A5DFAB2BA8A1F500115148 /* APICallTutorialApp.swift */ = {isa = PBXFileReference; lastKnownFileType = sourcecode.swift; path = APICallTutorialApp.swift; sourceTree = "<group>"; };
		52A5DFAD2BA8A1F500115148 /* MainView.swift */ = {isa = PBXFileReference; lastKnownFileType = sourcecode.swift; path = MainView.swift; sourceTree = "<group>"; };
		52A5DFAF2BA8A1F600115148 /* Assets.xcassets */ = {isa = PBXFileReference; lastKnownFileType = folder.assetcatalog; path = Assets.xcassets; sourceTree = "<group>"; };
		52A5DFB22BA8A1F600115148 /* Preview Assets.xcassets */ = {isa = PBXFileReference; lastKnownFileType = folder.assetcatalog; path = "Preview Assets.xcassets"; sourceTree = "<group>"; };
		52A5DFB92BA8A23B00115148 /* Launch Screen.storyboard */ = {isa = PBXFileReference; lastKnownFileType = file.storyboard; path = "Launch Screen.storyboard"; sourceTree = "<group>"; };
		52A5DFBB2BA8A2EA00115148 /* NetworkErrorEnum.swift */ = {isa = PBXFileReference; lastKnownFileType = sourcecode.swift; path = NetworkErrorEnum.swift; sourceTree = "<group>"; };
		52A5DFBF2BA8A38B00115148 /* WebServiceClass.swift */ = {isa = PBXFileReference; lastKnownFileType = sourcecode.swift; path = WebServiceClass.swift; sourceTree = "<group>"; };
		52A5DFC22BA8C4FF00115148 /* PostStruct.swift */ = {isa = PBXFileReference; lastKnownFileType = sourcecode.swift; path = PostStruct.swift; sourceTree = "<group>"; };
		52A5DFC42BA8C57F00115148 /* PostViewModel.swift */ = {isa = PBXFileReference; lastKnownFileType = sourcecode.swift; path = PostViewModel.swift; sourceTree = "<group>"; };
		52A5DFC62BA8C65700115148 /* PostListView.swift */ = {isa = PBXFileReference; lastKnownFileType = sourcecode.swift; path = PostListView.swift; sourceTree = "<group>"; };
		52A5DFC92BA8C8A200115148 /* NavLinkPostHStackView.swift */ = {isa = PBXFileReference; lastKnownFileType = sourcecode.swift; path = NavLinkPostHStackView.swift; sourceTree = "<group>"; };
		52A5DFCB2BA8C8C500115148 /* NavLinkDestintionHStackView.swift */ = {isa = PBXFileReference; lastKnownFileType = sourcecode.swift; path = NavLinkDestintionHStackView.swift; sourceTree = "<group>"; };
		52A5DFCD2BA8CD8800115148 /* User.swift */ = {isa = PBXFileReference; lastKnownFileType = sourcecode.swift; path = User.swift; sourceTree = "<group>"; };
		52A5DFCF2BA8D01800115148 /* UserViewModel.swift */ = {isa = PBXFileReference; lastKnownFileType = sourcecode.swift; path = UserViewModel.swift; sourceTree = "<group>"; };
		52A5DFD12BA8D05300115148 /* UserListView.swift */ = {isa = PBXFileReference; lastKnownFileType = sourcecode.swift; path = UserListView.swift; sourceTree = "<group>"; };
		52A5DFD32BA8D62600115148 /* UserListNavLinkHStackView.swift */ = {isa = PBXFileReference; lastKnownFileType = sourcecode.swift; path = UserListNavLinkHStackView.swift; sourceTree = "<group>"; };
		52A5DFD52BA8D70B00115148 /* UserListNavDestinationView.swift */ = {isa = PBXFileReference; lastKnownFileType = sourcecode.swift; path = UserListNavDestinationView.swift; sourceTree = "<group>"; };
		52A5DFD72BA8D72800115148 /* UserDetailsView.swift */ = {isa = PBXFileReference; lastKnownFileType = sourcecode.swift; path = UserDetailsView.swift; sourceTree = "<group>"; };
/* End PBXFileReference section */

/* Begin PBXFrameworksBuildPhase section */
		52A5DFA52BA8A1F500115148 /* Frameworks */ = {
			isa = PBXFrameworksBuildPhase;
			buildActionMask = 2147483647;
			files = (
			);
			runOnlyForDeploymentPostprocessing = 0;
		};
/* End PBXFrameworksBuildPhase section */

/* Begin PBXGroup section */
		52A5DF9F2BA8A1F500115148 = {
			isa = PBXGroup;
			children = (
				52A5DFAA2BA8A1F500115148 /* APICallTutorial */,
				52A5DFA92BA8A1F500115148 /* Products */,
			);
			sourceTree = "<group>";
		};
		52A5DFA92BA8A1F500115148 /* Products */ = {
			isa = PBXGroup;
			children = (
				52A5DFA82BA8A1F500115148 /* APICallTutorial.app */,
			);
			name = Products;
			sourceTree = "<group>";
		};
		52A5DFAA2BA8A1F500115148 /* APICallTutorial */ = {
			isa = PBXGroup;
			children = (
				52A5DFAB2BA8A1F500115148 /* APICallTutorialApp.swift */,
				52A5DFAD2BA8A1F500115148 /* MainView.swift */,
				52A5DFC62BA8C65700115148 /* PostListView.swift */,
				52A5DFD12BA8D05300115148 /* UserListView.swift */,
				52A5DFBE2BA8A37300115148 /* Classes */,
				52A5DFC12BA8C4EE00115148 /* Data */,
				52A5DFBD2BA8A2F000115148 /* Enums */,
				52A5DFC82BA8C88900115148 /* SubViews */,
				52A5DFB92BA8A23B00115148 /* Launch Screen.storyboard */,
				52A5DFAF2BA8A1F600115148 /* Assets.xcassets */,
				52A5DFB12BA8A1F600115148 /* Preview Content */,
			);
			path = APICallTutorial;
			sourceTree = "<group>";
		};
		52A5DFB12BA8A1F600115148 /* Preview Content */ = {
			isa = PBXGroup;
			children = (
				52A5DFB22BA8A1F600115148 /* Preview Assets.xcassets */,
			);
			path = "Preview Content";
			sourceTree = "<group>";
		};
		52A5DFBD2BA8A2F000115148 /* Enums */ = {
			isa = PBXGroup;
			children = (
				52A5DFBB2BA8A2EA00115148 /* NetworkErrorEnum.swift */,
			);
			path = Enums;
			sourceTree = "<group>";
		};
		52A5DFBE2BA8A37300115148 /* Classes */ = {
			isa = PBXGroup;
			children = (
				52A5DFBF2BA8A38B00115148 /* WebServiceClass.swift */,
				52A5DFC42BA8C57F00115148 /* PostViewModel.swift */,
				52A5DFCF2BA8D01800115148 /* UserViewModel.swift */,
			);
			path = Classes;
			sourceTree = "<group>";
		};
		52A5DFC12BA8C4EE00115148 /* Data */ = {
			isa = PBXGroup;
			children = (
				52A5DFC22BA8C4FF00115148 /* PostStruct.swift */,
				52A5DFCD2BA8CD8800115148 /* User.swift */,
			);
			path = Data;
			sourceTree = "<group>";
		};
		52A5DFC82BA8C88900115148 /* SubViews */ = {
			isa = PBXGroup;
			children = (
				52A5DFC92BA8C8A200115148 /* NavLinkPostHStackView.swift */,
				52A5DFCB2BA8C8C500115148 /* NavLinkDestintionHStackView.swift */,
				52A5DFD32BA8D62600115148 /* UserListNavLinkHStackView.swift */,
				52A5DFD52BA8D70B00115148 /* UserListNavDestinationView.swift */,
				52A5DFD72BA8D72800115148 /* UserDetailsView.swift */,
			);
			path = SubViews;
			sourceTree = "<group>";
		};
/* End PBXGroup section */

/* Begin PBXNativeTarget section */
		52A5DFA72BA8A1F500115148 /* APICallTutorial */ = {
			isa = PBXNativeTarget;
			buildConfigurationList = 52A5DFB62BA8A1F600115148 /* Build configuration list for PBXNativeTarget "APICallTutorial" */;
			buildPhases = (
				52A5DFA42BA8A1F500115148 /* Sources */,
				52A5DFA52BA8A1F500115148 /* Frameworks */,
				52A5DFA62BA8A1F500115148 /* Resources */,
			);
			buildRules = (
			);
			dependencies = (
			);
			name = APICallTutorial;
			productName = APICallTutorial;
			productReference = 52A5DFA82BA8A1F500115148 /* APICallTutorial.app */;
			productType = "com.apple.product-type.application";
		};
/* End PBXNativeTarget section */

/* Begin PBXProject section */
		52A5DFA02BA8A1F500115148 /* Project object */ = {
			isa = PBXProject;
			attributes = {
				BuildIndependentTargetsInParallel = 1;
				LastSwiftUpdateCheck = 1530;
				LastUpgradeCheck = 1530;
				TargetAttributes = {
					52A5DFA72BA8A1F500115148 = {
						CreatedOnToolsVersion = 15.3;
					};
				};
			};
			buildConfigurationList = 52A5DFA32BA8A1F500115148 /* Build configuration list for PBXProject "APICallTutorial" */;
			compatibilityVersion = "Xcode 14.0";
			developmentRegion = en;
			hasScannedForEncodings = 0;
			knownRegions = (
				en,
				Base,
			);
			mainGroup = 52A5DF9F2BA8A1F500115148;
			productRefGroup = 52A5DFA92BA8A1F500115148 /* Products */;
			projectDirPath = "";
			projectRoot = "";
			targets = (
				52A5DFA72BA8A1F500115148 /* APICallTutorial */,
			);
		};
/* End PBXProject section */

/* Begin PBXResourcesBuildPhase section */
		52A5DFA62BA8A1F500115148 /* Resources */ = {
			isa = PBXResourcesBuildPhase;
			buildActionMask = 2147483647;
			files = (
				52A5DFBA2BA8A23B00115148 /* Launch Screen.storyboard in Resources */,
				52A5DFB32BA8A1F600115148 /* Preview Assets.xcassets in Resources */,
				52A5DFB02BA8A1F600115148 /* Assets.xcassets in Resources */,
			);
			runOnlyForDeploymentPostprocessing = 0;
		};
/* End PBXResourcesBuildPhase section */

/* Begin PBXSourcesBuildPhase section */
		52A5DFA42BA8A1F500115148 /* Sources */ = {
			isa = PBXSourcesBuildPhase;
			buildActionMask = 2147483647;
			files = (
				52A5DFD62BA8D70B00115148 /* UserListNavDestinationView.swift in Sources */,
				52A5DFCA2BA8C8A200115148 /* NavLinkPostHStackView.swift in Sources */,
				52A5DFD02BA8D01800115148 /* UserViewModel.swift in Sources */,
				52A5DFC52BA8C57F00115148 /* PostViewModel.swift in Sources */,
				52A5DFAE2BA8A1F500115148 /* MainView.swift in Sources */,
				52A5DFC02BA8A38B00115148 /* WebServiceClass.swift in Sources */,
				52A5DFD42BA8D62600115148 /* UserListNavLinkHStackView.swift in Sources */,
				52A5DFBC2BA8A2EA00115148 /* NetworkErrorEnum.swift in Sources */,
				52A5DFAC2BA8A1F500115148 /* APICallTutorialApp.swift in Sources */,
				52A5DFD22BA8D05300115148 /* UserListView.swift in Sources */,
				52A5DFD82BA8D72800115148 /* UserDetailsView.swift in Sources */,
				52A5DFCC2BA8C8C500115148 /* NavLinkDestintionHStackView.swift in Sources */,
				52A5DFC32BA8C4FF00115148 /* PostStruct.swift in Sources */,
				52A5DFCE2BA8CD8800115148 /* User.swift in Sources */,
				52A5DFC72BA8C65700115148 /* PostListView.swift in Sources */,
			);
			runOnlyForDeploymentPostprocessing = 0;
		};
/* End PBXSourcesBuildPhase section */

/* Begin XCBuildConfiguration section */
		52A5DFB42BA8A1F600115148 /* Debug */ = {
			isa = XCBuildConfiguration;
			buildSettings = {
				ALWAYS_SEARCH_USER_PATHS = NO;
				ASSETCATALOG_COMPILER_GENERATE_SWIFT_ASSET_SYMBOL_EXTENSIONS = YES;
				CLANG_ANALYZER_NONNULL = YES;
				CLANG_ANALYZER_NUMBER_OBJECT_CONVERSION = YES_AGGRESSIVE;
				CLANG_CXX_LANGUAGE_STANDARD = "gnu++20";
				CLANG_ENABLE_MODULES = YES;
				CLANG_ENABLE_OBJC_ARC = YES;
				CLANG_ENABLE_OBJC_WEAK = YES;
				CLANG_WARN_BLOCK_CAPTURE_AUTORELEASING = YES;
				CLANG_WARN_BOOL_CONVERSION = YES;
				CLANG_WARN_COMMA = YES;
				CLANG_WARN_CONSTANT_CONVERSION = YES;
				CLANG_WARN_DEPRECATED_OBJC_IMPLEMENTATIONS = YES;
				CLANG_WARN_DIRECT_OBJC_ISA_USAGE = YES_ERROR;
				CLANG_WARN_DOCUMENTATION_COMMENTS = YES;
				CLANG_WARN_EMPTY_BODY = YES;
				CLANG_WARN_ENUM_CONVERSION = YES;
				CLANG_WARN_INFINITE_RECURSION = YES;
				CLANG_WARN_INT_CONVERSION = YES;
				CLANG_WARN_NON_LITERAL_NULL_CONVERSION = YES;
				CLANG_WARN_OBJC_IMPLICIT_RETAIN_SELF = YES;
				CLANG_WARN_OBJC_LITERAL_CONVERSION = YES;
				CLANG_WARN_OBJC_ROOT_CLASS = YES_ERROR;
				CLANG_WARN_QUOTED_INCLUDE_IN_FRAMEWORK_HEADER = YES;
				CLANG_WARN_RANGE_LOOP_ANALYSIS = YES;
				CLANG_WARN_STRICT_PROTOTYPES = YES;
				CLANG_WARN_SUSPICIOUS_MOVE = YES;
				CLANG_WARN_UNGUARDED_AVAILABILITY = YES_AGGRESSIVE;
				CLANG_WARN_UNREACHABLE_CODE = YES;
				CLANG_WARN__DUPLICATE_METHOD_MATCH = YES;
				COPY_PHASE_STRIP = NO;
				DEBUG_INFORMATION_FORMAT = dwarf;
				ENABLE_STRICT_OBJC_MSGSEND = YES;
				ENABLE_TESTABILITY = YES;
				ENABLE_USER_SCRIPT_SANDBOXING = YES;
				GCC_C_LANGUAGE_STANDARD = gnu17;
				GCC_DYNAMIC_NO_PIC = NO;
				GCC_NO_COMMON_BLOCKS = YES;
				GCC_OPTIMIZATION_LEVEL = 0;
				GCC_PREPROCESSOR_DEFINITIONS = (
					"DEBUG=1",
					"$(inherited)",
				);
				GCC_WARN_64_TO_32_BIT_CONVERSION = YES;
				GCC_WARN_ABOUT_RETURN_TYPE = YES_ERROR;
				GCC_WARN_UNDECLARED_SELECTOR = YES;
				GCC_WARN_UNINITIALIZED_AUTOS = YES_AGGRESSIVE;
				GCC_WARN_UNUSED_FUNCTION = YES;
				GCC_WARN_UNUSED_VARIABLE = YES;
				IPHONEOS_DEPLOYMENT_TARGET = 17.4;
				LOCALIZATION_PREFERS_STRING_CATALOGS = YES;
				MTL_ENABLE_DEBUG_INFO = INCLUDE_SOURCE;
				MTL_FAST_MATH = YES;
				ONLY_ACTIVE_ARCH = YES;
				SDKROOT = iphoneos;
				SWIFT_ACTIVE_COMPILATION_CONDITIONS = "DEBUG $(inherited)";
				SWIFT_OPTIMIZATION_LEVEL = "-Onone";
			};
			name = Debug;
		};
		52A5DFB52BA8A1F600115148 /* Release */ = {
			isa = XCBuildConfiguration;
			buildSettings = {
				ALWAYS_SEARCH_USER_PATHS = NO;
				ASSETCATALOG_COMPILER_GENERATE_SWIFT_ASSET_SYMBOL_EXTENSIONS = YES;
				CLANG_ANALYZER_NONNULL = YES;
				CLANG_ANALYZER_NUMBER_OBJECT_CONVERSION = YES_AGGRESSIVE;
				CLANG_CXX_LANGUAGE_STANDARD = "gnu++20";
				CLANG_ENABLE_MODULES = YES;
				CLANG_ENABLE_OBJC_ARC = YES;
				CLANG_ENABLE_OBJC_WEAK = YES;
				CLANG_WARN_BLOCK_CAPTURE_AUTORELEASING = YES;
				CLANG_WARN_BOOL_CONVERSION = YES;
				CLANG_WARN_COMMA = YES;
				CLANG_WARN_CONSTANT_CONVERSION = YES;
				CLANG_WARN_DEPRECATED_OBJC_IMPLEMENTATIONS = YES;
				CLANG_WARN_DIRECT_OBJC_ISA_USAGE = YES_ERROR;
				CLANG_WARN_DOCUMENTATION_COMMENTS = YES;
				CLANG_WARN_EMPTY_BODY = YES;
				CLANG_WARN_ENUM_CONVERSION = YES;
				CLANG_WARN_INFINITE_RECURSION = YES;
				CLANG_WARN_INT_CONVERSION = YES;
				CLANG_WARN_NON_LITERAL_NULL_CONVERSION = YES;
				CLANG_WARN_OBJC_IMPLICIT_RETAIN_SELF = YES;
				CLANG_WARN_OBJC_LITERAL_CONVERSION = YES;
				CLANG_WARN_OBJC_ROOT_CLASS = YES_ERROR;
				CLANG_WARN_QUOTED_INCLUDE_IN_FRAMEWORK_HEADER = YES;
				CLANG_WARN_RANGE_LOOP_ANALYSIS = YES;
				CLANG_WARN_STRICT_PROTOTYPES = YES;
				CLANG_WARN_SUSPICIOUS_MOVE = YES;
				CLANG_WARN_UNGUARDED_AVAILABILITY = YES_AGGRESSIVE;
				CLANG_WARN_UNREACHABLE_CODE = YES;
				CLANG_WARN__DUPLICATE_METHOD_MATCH = YES;
				COPY_PHASE_STRIP = NO;
				DEBUG_INFORMATION_FORMAT = "dwarf-with-dsym";
				ENABLE_NS_ASSERTIONS = NO;
				ENABLE_STRICT_OBJC_MSGSEND = YES;
				ENABLE_USER_SCRIPT_SANDBOXING = YES;
				GCC_C_LANGUAGE_STANDARD = gnu17;
				GCC_NO_COMMON_BLOCKS = YES;
				GCC_WARN_64_TO_32_BIT_CONVERSION = YES;
				GCC_WARN_ABOUT_RETURN_TYPE = YES_ERROR;
				GCC_WARN_UNDECLARED_SELECTOR = YES;
				GCC_WARN_UNINITIALIZED_AUTOS = YES_AGGRESSIVE;
				GCC_WARN_UNUSED_FUNCTION = YES;
				GCC_WARN_UNUSED_VARIABLE = YES;
				IPHONEOS_DEPLOYMENT_TARGET = 17.4;
				LOCALIZATION_PREFERS_STRING_CATALOGS = YES;
				MTL_ENABLE_DEBUG_INFO = NO;
				MTL_FAST_MATH = YES;
				SDKROOT = iphoneos;
				SWIFT_COMPILATION_MODE = wholemodule;
				VALIDATE_PRODUCT = YES;
			};
			name = Release;
		};
		52A5DFB72BA8A1F600115148 /* Debug */ = {
			isa = XCBuildConfiguration;
			buildSettings = {
				ASSETCATALOG_COMPILER_APPICON_NAME = AppIcon;
				ASSETCATALOG_COMPILER_GLOBAL_ACCENT_COLOR_NAME = AccentColor;
				CODE_SIGN_STYLE = Automatic;
				CURRENT_PROJECT_VERSION = 1;
				DEVELOPMENT_ASSET_PATHS = "\"APICallTutorial/Preview Content\"";
				DEVELOPMENT_TEAM = 5G39MTZYS5;
				ENABLE_PREVIEWS = YES;
				GENERATE_INFOPLIST_FILE = YES;
				INFOPLIST_KEY_UIApplicationSceneManifest_Generation = YES;
				INFOPLIST_KEY_UIApplicationSupportsIndirectInputEvents = YES;
				INFOPLIST_KEY_UILaunchScreen_Generation = YES;
				INFOPLIST_KEY_UILaunchStoryboardName = "Launch Screen.storyboard";
				INFOPLIST_KEY_UISupportedInterfaceOrientations_iPad = "UIInterfaceOrientationPortrait UIInterfaceOrientationPortraitUpsideDown UIInterfaceOrientationLandscapeLeft UIInterfaceOrientationLandscapeRight";
				INFOPLIST_KEY_UISupportedInterfaceOrientations_iPhone = "UIInterfaceOrientationPortrait UIInterfaceOrientationLandscapeLeft UIInterfaceOrientationLandscapeRight";
				LD_RUNPATH_SEARCH_PATHS = (
					"$(inherited)",
					"@executable_path/Frameworks",
				);
				MARKETING_VERSION = 1.0;
				PRODUCT_BUNDLE_IDENTIFIER = com.playfullogic.APICallTutorial;
				PRODUCT_NAME = "$(TARGET_NAME)";
				SWIFT_EMIT_LOC_STRINGS = YES;
				SWIFT_VERSION = 5.0;
				TARGETED_DEVICE_FAMILY = "1,2";
			};
			name = Debug;
		};
		52A5DFB82BA8A1F600115148 /* Release */ = {
			isa = XCBuildConfiguration;
			buildSettings = {
				ASSETCATALOG_COMPILER_APPICON_NAME = AppIcon;
				ASSETCATALOG_COMPILER_GLOBAL_ACCENT_COLOR_NAME = AccentColor;
				CODE_SIGN_STYLE = Automatic;
				CURRENT_PROJECT_VERSION = 1;
				DEVELOPMENT_ASSET_PATHS = "\"APICallTutorial/Preview Content\"";
				DEVELOPMENT_TEAM = 5G39MTZYS5;
				ENABLE_PREVIEWS = YES;
				GENERATE_INFOPLIST_FILE = YES;
				INFOPLIST_KEY_UIApplicationSceneManifest_Generation = YES;
				INFOPLIST_KEY_UIApplicationSupportsIndirectInputEvents = YES;
				INFOPLIST_KEY_UILaunchScreen_Generation = YES;
				INFOPLIST_KEY_UILaunchStoryboardName = "Launch Screen.storyboard";
				INFOPLIST_KEY_UISupportedInterfaceOrientations_iPad = "UIInterfaceOrientationPortrait UIInterfaceOrientationPortraitUpsideDown UIInterfaceOrientationLandscapeLeft UIInterfaceOrientationLandscapeRight";
				INFOPLIST_KEY_UISupportedInterfaceOrientations_iPhone = "UIInterfaceOrientationPortrait UIInterfaceOrientationLandscapeLeft UIInterfaceOrientationLandscapeRight";
				LD_RUNPATH_SEARCH_PATHS = (
					"$(inherited)",
					"@executable_path/Frameworks",
				);
				MARKETING_VERSION = 1.0;
				PRODUCT_BUNDLE_IDENTIFIER = com.playfullogic.APICallTutorial;
				PRODUCT_NAME = "$(TARGET_NAME)";
				SWIFT_EMIT_LOC_STRINGS = YES;
				SWIFT_VERSION = 5.0;
				TARGETED_DEVICE_FAMILY = "1,2";
			};
			name = Release;
		};
/* End XCBuildConfiguration section */

/* Begin XCConfigurationList section */
		52A5DFA32BA8A1F500115148 /* Build configuration list for PBXProject "APICallTutorial" */ = {
			isa = XCConfigurationList;
			buildConfigurations = (
				52A5DFB42BA8A1F600115148 /* Debug */,
				52A5DFB52BA8A1F600115148 /* Release */,
			);
			defaultConfigurationIsVisible = 0;
			defaultConfigurationName = Release;
		};
		52A5DFB62BA8A1F600115148 /* Build configuration list for PBXNativeTarget "APICallTutorial" */ = {
			isa = XCConfigurationList;
			buildConfigurations = (
				52A5DFB72BA8A1F600115148 /* Debug */,
				52A5DFB82BA8A1F600115148 /* Release */,
			);
			defaultConfigurationIsVisible = 0;
			defaultConfigurationName = Release;
		};
/* End XCConfigurationList section */
	};
	rootObject = 52A5DFA02BA8A1F500115148 /* Project object */;
}
